hash: 36ba5425cc1accd70a7b008aaea917c7fda860b2d3e829a16f97e22e176d37e1
updated: 2016-02-24T23:09:30.675010968-06:00
imports:
- name: github.com/gorilla/context
  version: 1c83b3eabd45b6d76072b66b746c20815fb2872d
- name: github.com/gorilla/handlers
  version: b3aff83722cb2ae031a70cae984650e3a16cd20e
- name: github.com/gorilla/mux
  version: 26a6070f849969ba72b72256e9f14cf519751690
devImports: []
